
Microsoft Visual Studio Solution File, Format Version 12.00
# Visual Studio Version 17
VisualStudioVersion = 17.0.31903.59
MinimumVisualStudioVersion = 10.0.40219.1
Project("{FAE04EC0-301F-11D3-BF4B-00C04F79EFBC}") = "BlazorCourseEnrollment.Client", "BlazorCourseEnrollment.Client\BlazorCourseEnrollment.Client.csproj", "{D24C09EF-2180-472D-B37C-8BA6E18B255C}"
EndProject
Project("{FAE04EC0-301F-11D3-BF4B-00C04F79EFBC}") = "BlazorCourseEnrollment.Server", "BlazorCourseEnrollment.Server\BlazorCourseEnrollment.Server.csproj", "{A2D1D216-9BEE-47EE-9AD7-629B2FC868F5}"
EndProject
Global
	GlobalSection(SolutionConfigurationPlatforms) = preSolution
		Debug|Any CPU = Debug|Any CPU
		Release|Any CPU = Release|Any CPU
	EndGlobalSection
	GlobalSection(SolutionProperties) = preSolution
		HideSolutionNode = FALSE
	EndGlobalSection
	GlobalSection(ProjectConfigurationPlatforms) = postSolution
		{D24C09EF-2180-472D-B37C-8BA6E18B255C}.Debug|Any CPU.ActiveCfg = Debug|Any CPU
		{D24C09EF-2180-472D-B37C-8BA6E18B255C}.Debug|Any CPU.Build.0 = Debug|Any CPU
		{D24C09EF-2180-472D-B37C-8BA6E18B255C}.Release|Any CPU.ActiveCfg = Release|Any CPU
		{D24C09EF-2180-472D-B37C-8BA6E18B255C}.Release|Any CPU.Build.0 = Release|Any CPU
		{A2D1D216-9BEE-47EE-9AD7-629B2FC868F5}.Debug|Any CPU.ActiveCfg = Debug|Any CPU
		{A2D1D216-9BEE-47EE-9AD7-629B2FC868F5}.Debug|Any CPU.Build.0 = Debug|Any CPU
		{A2D1D216-9BEE-47EE-9AD7-629B2FC868F5}.Release|Any CPU.ActiveCfg = Release|Any CPU
		{A2D1D216-9BEE-47EE-9AD7-629B2FC868F5}.Release|Any CPU.Build.0 = Release|Any CPU
	EndGlobalSection
EndGlobal
